
Microsoft Visual Studio Solution File, Format Version 12.00
# Visual Studio 15
VisualStudioVersion = 15.0.28307.421
MinimumVisualStudioVersion = 10.0.40219.1
Project("{FAE04EC0-301F-11D3-BF4B-00C04F79EFBC}") = "MyPlatform", "MyPlatform\MyPlatform.csproj", "{946B156F-C648-4E33-BDC3-521E5BE0483F}"
	ProjectSection(ProjectDependencies) = postProject
		{FC024D6B-F35F-4C05-841E-1176FD5482DC} = {FC024D6B-F35F-4C05-841E-1176FD5482DC}
		{4162AFB3-65AD-442B-9692-F8EFCD7703DA} = {4162AFB3-65AD-442B-9692-F8EFCD7703DA}
		{359ADDDB-0118-4D75-9F91-75AF56B3C24D} = {359ADDDB-0118-4D75-9F91-75AF56B3C24D}
	EndProjectSection
EndProject
Project("{FAE04EC0-301F-11D3-BF4B-00C04F79EFBC}") = "MyPlatform.Standard", "MyPlatform.Standard\MyPlatform.Standard.csproj", "{C38E1561-1718-4DC7-956A-A28A0689E636}"
EndProject
Project("{2150E333-8FDC-42A3-9474-1A3956D46DE8}") = "1", "1", "{5CBB5AE3-468B-4DDB-BDDD-09448D77801A}"
EndProject
Project("{2150E333-8FDC-42A3-9474-1A3956D46DE8}") = "2", "2", "{E165131C-20DC-4593-BD6F-9FA9ABE7ECC0}"
EndProject
Project("{FAE04EC0-301F-11D3-BF4B-00C04F79EFBC}") = "MyPlatform.ModuleSqlite", "MyPlatform.ModuleSqlite\MyPlatform.ModuleSqlite.csproj", "{4162AFB3-65AD-442B-9692-F8EFCD7703DA}"
EndProject
Project("{FAE04EC0-301F-11D3-BF4B-00C04F79EFBC}") = "MyPlatform.ModuleJson", "MyPlatform.ModuleJson\MyPlatform.ModuleJson.csproj", "{FC024D6B-F35F-4C05-841E-1176FD5482DC}"
EndProject
Project("{FAE04EC0-301F-11D3-BF4B-00C04F79EFBC}") = "MyPlatform.ModuleHelloWord", "MyPlatform.ModuleHelloWord\MyPlatform.ModuleHelloWord.csproj", "{359ADDDB-0118-4D75-9F91-75AF56B3C24D}"
EndProject
Project("{2150E333-8FDC-42A3-9474-1A3956D46DE8}") = "Documents", "Documents", "{B577DAA0-7A3A-468E-9845-8399364BAAE0}"
	ProjectSection(SolutionItems) = preProject
		README.md = README.md
	EndProjectSection
EndProject
Project("{2150E333-8FDC-42A3-9474-1A3956D46DE8}") = "V1", "V1", "{BA05F231-FB74-4DB4-8B70-312244C2F86B}"
	ProjectSection(SolutionItems) = preProject
		Documents\V1\readme.md = Documents\V1\readme.md
	EndProjectSection
EndProject
Project("{2150E333-8FDC-42A3-9474-1A3956D46DE8}") = "V2", "V2", "{3F1D3378-F0E5-491A-9ED9-EF335100717E}"
	ProjectSection(SolutionItems) = preProject
		Documents\V2\readme.md = Documents\V2\readme.md
	EndProjectSection
EndProject
Global
	GlobalSection(SolutionConfigurationPlatforms) = preSolution
		Debug|Any CPU = Debug|Any CPU
		Debug|x86 = Debug|x86
		Release|Any CPU = Release|Any CPU
		Release|x86 = Release|x86
	EndGlobalSection
	GlobalSection(ProjectConfigurationPlatforms) = postSolution
		{946B156F-C648-4E33-BDC3-521E5BE0483F}.Debug|Any CPU.ActiveCfg = Debug|Any CPU
		{946B156F-C648-4E33-BDC3-521E5BE0483F}.Debug|Any CPU.Build.0 = Debug|Any CPU
		{946B156F-C648-4E33-BDC3-521E5BE0483F}.Debug|x86.ActiveCfg = Debug|x86
		{946B156F-C648-4E33-BDC3-521E5BE0483F}.Debug|x86.Build.0 = Debug|x86
		{946B156F-C648-4E33-BDC3-521E5BE0483F}.Release|Any CPU.ActiveCfg = Release|Any CPU
		{946B156F-C648-4E33-BDC3-521E5BE0483F}.Release|Any CPU.Build.0 = Release|Any CPU
		{946B156F-C648-4E33-BDC3-521E5BE0483F}.Release|x86.ActiveCfg = Release|x86
		{946B156F-C648-4E33-BDC3-521E5BE0483F}.Release|x86.Build.0 = Release|x86
		{C38E1561-1718-4DC7-956A-A28A0689E636}.Debug|Any CPU.ActiveCfg = Debug|Any CPU
		{C38E1561-1718-4DC7-956A-A28A0689E636}.Debug|Any CPU.Build.0 = Debug|Any CPU
		{C38E1561-1718-4DC7-956A-A28A0689E636}.Debug|x86.ActiveCfg = Debug|x86
		{C38E1561-1718-4DC7-956A-A28A0689E636}.Debug|x86.Build.0 = Debug|x86
		{C38E1561-1718-4DC7-956A-A28A0689E636}.Release|Any CPU.ActiveCfg = Release|Any CPU
		{C38E1561-1718-4DC7-956A-A28A0689E636}.Release|Any CPU.Build.0 = Release|Any CPU
		{C38E1561-1718-4DC7-956A-A28A0689E636}.Release|x86.ActiveCfg = Release|x86
		{C38E1561-1718-4DC7-956A-A28A0689E636}.Release|x86.Build.0 = Release|x86
		{4162AFB3-65AD-442B-9692-F8EFCD7703DA}.Debug|Any CPU.ActiveCfg = Debug|Any CPU
		{4162AFB3-65AD-442B-9692-F8EFCD7703DA}.Debug|Any CPU.Build.0 = Debug|Any CPU
		{4162AFB3-65AD-442B-9692-F8EFCD7703DA}.Debug|x86.ActiveCfg = Debug|x86
		{4162AFB3-65AD-442B-9692-F8EFCD7703DA}.Debug|x86.Build.0 = Debug|x86
		{4162AFB3-65AD-442B-9692-F8EFCD7703DA}.Release|Any CPU.ActiveCfg = Release|Any CPU
		{4162AFB3-65AD-442B-9692-F8EFCD7703DA}.Release|Any CPU.Build.0 = Release|Any CPU
		{4162AFB3-65AD-442B-9692-F8EFCD7703DA}.Release|x86.ActiveCfg = Release|x86
		{4162AFB3-65AD-442B-9692-F8EFCD7703DA}.Release|x86.Build.0 = Release|x86
		{FC024D6B-F35F-4C05-841E-1176FD5482DC}.Debug|Any CPU.ActiveCfg = Debug|Any CPU
		{FC024D6B-F35F-4C05-841E-1176FD5482DC}.Debug|Any CPU.Build.0 = Debug|Any CPU
		{FC024D6B-F35F-4C05-841E-1176FD5482DC}.Debug|x86.ActiveCfg = Debug|Any CPU
		{FC024D6B-F35F-4C05-841E-1176FD5482DC}.Debug|x86.Build.0 = Debug|Any CPU
		{FC024D6B-F35F-4C05-841E-1176FD5482DC}.Release|Any CPU.ActiveCfg = Release|Any CPU
		{FC024D6B-F35F-4C05-841E-1176FD5482DC}.Release|Any CPU.Build.0 = Release|Any CPU
		{FC024D6B-F35F-4C05-841E-1176FD5482DC}.Release|x86.ActiveCfg = Release|Any CPU
		{FC024D6B-F35F-4C05-841E-1176FD5482DC}.Release|x86.Build.0 = Release|Any CPU
		{359ADDDB-0118-4D75-9F91-75AF56B3C24D}.Debug|Any CPU.ActiveCfg = Debug|Any CPU
		{359ADDDB-0118-4D75-9F91-75AF56B3C24D}.Debug|Any CPU.Build.0 = Debug|Any CPU
		{359ADDDB-0118-4D75-9F91-75AF56B3C24D}.Debug|x86.ActiveCfg = Debug|x86
		{359ADDDB-0118-4D75-9F91-75AF56B3C24D}.Debug|x86.Build.0 = Debug|x86
		{359ADDDB-0118-4D75-9F91-75AF56B3C24D}.Release|Any CPU.ActiveCfg = Release|Any CPU
		{359ADDDB-0118-4D75-9F91-75AF56B3C24D}.Release|Any CPU.Build.0 = Release|Any CPU
		{359ADDDB-0118-4D75-9F91-75AF56B3C24D}.Release|x86.ActiveCfg = Release|x86
		{359ADDDB-0118-4D75-9F91-75AF56B3C24D}.Release|x86.Build.0 = Release|x86
	EndGlobalSection
	GlobalSection(SolutionProperties) = preSolution
		HideSolutionNode = FALSE
	EndGlobalSection
	GlobalSection(NestedProjects) = preSolution
		{946B156F-C648-4E33-BDC3-521E5BE0483F} = {5CBB5AE3-468B-4DDB-BDDD-09448D77801A}
		{C38E1561-1718-4DC7-956A-A28A0689E636} = {5CBB5AE3-468B-4DDB-BDDD-09448D77801A}
		{4162AFB3-65AD-442B-9692-F8EFCD7703DA} = {E165131C-20DC-4593-BD6F-9FA9ABE7ECC0}
		{FC024D6B-F35F-4C05-841E-1176FD5482DC} = {E165131C-20DC-4593-BD6F-9FA9ABE7ECC0}
		{359ADDDB-0118-4D75-9F91-75AF56B3C24D} = {E165131C-20DC-4593-BD6F-9FA9ABE7ECC0}
		{BA05F231-FB74-4DB4-8B70-312244C2F86B} = {B577DAA0-7A3A-468E-9845-8399364BAAE0}
		{3F1D3378-F0E5-491A-9ED9-EF335100717E} = {B577DAA0-7A3A-468E-9845-8399364BAAE0}
	EndGlobalSection
	GlobalSection(ExtensibilityGlobals) = postSolution
		SolutionGuid = {A09D9DC1-3F3A-4899-9183-D788B1C5FA79}
	EndGlobalSection
EndGlobal
